# THIS IS AN AUTOGENERATED FILE. DO NOT EDIT THIS FILE DIRECTLY.
# yarn lockfile v1


"@types/node@^20.3.1":
  version "20.3.1"
  resolved "https://registry.yarnpkg.com/@types/node/-/node-20.3.1.tgz#e8a83f1aa8b649377bb1fb5d7bac5cb90e784dfe"
  integrity sha512-EhcH/wvidPy1WeML3TtYFGR83UzjxeWRen9V402T8aUGYsCHOmfoisV3ZSg03gAFIbLq8TnWOJ0f4cALtnSEUg==

"@types/vscode@^1.79.0":
  version "1.79.1"
  resolved "https://registry.yarnpkg.com/@types/vscode/-/vscode-1.79.1.tgz#ab568315f9c844a8f4fa8f168b2d6dbf1f58dd02"
  integrity sha512-Ikwc4YbHABzqthrWfeAvItaAIfX9mdjMWxqNgTpGjhgOu0TMRq9LzyZ2yBK0JhYqoSjEubEPawf6zJgnl6Egtw==

pg-query-emscripten@^0.1.0:
  version "0.1.0"
  resolved "https://registry.yarnpkg.com/pg-query-emscripten/-/pg-query-emscripten-0.1.0.tgz#a4c6c7c6b3645ab0a4436bf650f3bcdf5b530c23"
  integrity sha512-Awwf0s6gyVZEmZeMLXnXZOIQveqVEBFhxMkR0UcMmijwX/y9FW1od71X1hNRtGFWrU/ML5sxerZyH20pvpLGuA==

typescript-sql-tagged-template-plugin@0.3.0:
  version "0.3.0"
  resolved "https://registry.yarnpkg.com/typescript-sql-tagged-template-plugin/-/typescript-sql-tagged-template-plugin-0.3.0.tgz#e36e3c8e64956e8aeaec5d9375f6fda67030f475"
  integrity sha512-Wu9rrqe4eJ87BNzZ/HVzxKsNWJYXSqqpvuRunn3n4Cq3USY0kYADC0tzDlg9FAn842MHByxRB4YMTjC1ofPqNA==
  dependencies:
    pg-query-emscripten "^0.1.0"
    typescript-template-language-service-decorator "^2.3.2"

typescript-template-language-service-decorator@^2.3.2:
  version "2.3.2"
  resolved "https://registry.yarnpkg.com/typescript-template-language-service-decorator/-/typescript-template-language-service-decorator-2.3.2.tgz#095c1b5ea88c839d9b202fad3ec8c87c1b062953"
  integrity sha512-hN0zNkr5luPCeXTlXKxsfBPlkAzx86ZRM1vPdL7DbEqqWoeXSxplACy98NpKpLmXsdq7iePUzAXloCAoPKBV6A==

typescript@^5.1.3:
  version "5.1.3"
  resolved "https://registry.yarnpkg.com/typescript/-/typescript-5.1.3.tgz#8d84219244a6b40b6fb2b33cc1c062f715b9e826"
  integrity sha512-XH627E9vkeqhlZFQuL+UsyAXEnibT0kWR2FWONlr4sTjvxyJYnyefgrkyECLzM5NenmKzRAy2rR/OlYLA1HkZw==
